
Microsoft Visual Studio Solution File, Format Version 12.00
# Visual Studio Version 17
VisualStudioVersion = 17.9.34723.18
MinimumVisualStudioVersion = 10.0.40219.1
Project("{9A19103F-16F7-4668-BE54-9A1E7A4F7556}") = "xUnitTests", "xUnitTests.csproj", "{DB941717-5405-4CB1-B59D-C45E24BE9355}"
EndProject
Project("{FAE04EC0-301F-11D3-BF4B-00C04F79EFBC}") = "Calculator", "..\Calculator.csproj", "{9456FAB2-C287-4DC6-9F81-0E78F934581D}"
EndProject
Global
	GlobalSection(SolutionConfigurationPlatforms) = preSolution
		Debug|Any CPU = Debug|Any CPU
		Release|Any CPU = Release|Any CPU
	EndGlobalSection
	GlobalSection(ProjectConfigurationPlatforms) = postSolution
		{DB941717-5405-4CB1-B59D-C45E24BE9355}.Debug|Any CPU.ActiveCfg = Debug|Any CPU
		{DB941717-5405-4CB1-B59D-C45E24BE9355}.Debug|Any CPU.Build.0 = Debug|Any CPU
		{DB941717-5405-4CB1-B59D-C45E24BE9355}.Release|Any CPU.ActiveCfg = Release|Any CPU
		{DB941717-5405-4CB1-B59D-C45E24BE9355}.Release|Any CPU.Build.0 = Release|Any CPU
		{9456FAB2-C287-4DC6-9F81-0E78F934581D}.Debug|Any CPU.ActiveCfg = Debug|Any CPU
		{9456FAB2-C287-4DC6-9F81-0E78F934581D}.Debug|Any CPU.Build.0 = Debug|Any CPU
		{9456FAB2-C287-4DC6-9F81-0E78F934581D}.Release|Any CPU.ActiveCfg = Release|Any CPU
		{9456FAB2-C287-4DC6-9F81-0E78F934581D}.Release|Any CPU.Build.0 = Release|Any CPU
	EndGlobalSection
	GlobalSection(SolutionProperties) = preSolution
		HideSolutionNode = FALSE
	EndGlobalSection
	GlobalSection(ExtensibilityGlobals) = postSolution
		SolutionGuid = {82B05306-FF3B-4FDA-81B0-E97BA0481052}
	EndGlobalSection
EndGlobal
